// !$*UTF8*$!
{
	archiveVersion = 1;
	classes = {
	};
	objectVersion = 46;
	objects = {

/* Begin PBXBuildFile section */
		544060DC1929A422003C8728 /* Foundation.framework in Frameworks */ = {isa = PBXBuildFile; fileRef = 544060DB1929A422003C8728 /* Foundation.framework */; };
		544060DE1929A422003C8728 /* CoreGraphics.framework in Frameworks */ = {isa = PBXBuildFile; fileRef = 544060DD1929A422003C8728 /* CoreGraphics.framework */; };
		544060E01929A422003C8728 /* UIKit.framework in Frameworks */ = {isa = PBXBuildFile; fileRef = 544060DF1929A422003C8728 /* UIKit.framework */; };
		544060E61929A422003C8728 /* InfoPlist.strings in Resources */ = {isa = PBXBuildFile; fileRef = 544060E41929A422003C8728 /* InfoPlist.strings */; };
		544060E81929A422003C8728 /* main.m in Sources */ = {isa = PBXBuildFile; fileRef = 544060E71929A422003C8728 /* main.m */; };
		544060EC1929A422003C8728 /* C_AppDelegate.m in Sources */ = {isa = PBXBuildFile; fileRef = 544060EB1929A422003C8728 /* C_AppDelegate.m */; };
		544060EE1929A422003C8728 /* Images.xcassets in Resources */ = {isa = PBXBuildFile; fileRef = 544060ED1929A422003C8728 /* Images.xcassets */; };
		544060F51929A422003C8728 /* XCTest.framework in Frameworks */ = {isa = PBXBuildFile; fileRef = 544060F41929A422003C8728 /* XCTest.framework */; };
		544060F61929A422003C8728 /* Foundation.framework in Frameworks */ = {isa = PBXBuildFile; fileRef = 544060DB1929A422003C8728 /* Foundation.framework */; };
		544060F71929A422003C8728 /* UIKit.framework in Frameworks */ = {isa = PBXBuildFile; fileRef = 544060DF1929A422003C8728 /* UIKit.framework */; };
		544060FF1929A422003C8728 /* InfoPlist.strings in Resources */ = {isa = PBXBuildFile; fileRef = 544060FD1929A422003C8728 /* InfoPlist.strings */; };
		544061011929A422003C8728 /* calculatorTests.m in Sources */ = {isa = PBXBuildFile; fileRef = 544061001929A422003C8728 /* calculatorTests.m */; };
/* End PBXBuildFile section */

/* Begin PBXContainerItemProxy section */
		544060F81929A422003C8728 /* PBXContainerItemProxy */ = {
			isa = PBXContainerItemProxy;
			containerPortal = 544060D01929A422003C8728 /* Project object */;
			proxyType = 1;
			remoteGlobalIDString = 544060D71929A422003C8728;
			remoteInfo = calculator;
		};
/* End PBXContainerItemProxy section */

/* Begin PBXFileReference section */
		544060D81929A422003C8728 /* calculator.app */ = {isa = PBXFileReference; explicitFileType = wrapper.application; includeInIndex = 0; path = calculator.app; sourceTree = BUILT_PRODUCTS_DIR; };
		544060DB1929A422003C8728 /* Foundation.framework */ = {isa = PBXFileReference; lastKnownFileType = wrapper.framework; name = Foundation.framework; path = System/Library/Frameworks/Foundation.framework; sourceTree = SDKROOT; };
		544060DD1929A422003C8728 /* CoreGraphics.framework */ = {isa = PBXFileReference; lastKnownFileType = wrapper.framework; name = CoreGraphics.framework; path = System/Library/Frameworks/CoreGraphics.framework; sourceTree = SDKROOT; };
		544060DF1929A422003C8728 /* UIKit.framework */ = {isa = PBXFileReference; lastKnownFileType = wrapper.framework; name = UIKit.framework; path = System/Library/Frameworks/UIKit.framework; sourceTree = SDKROOT; };
		544060E31929A422003C8728 /* calculator-Info.plist */ = {isa = PBXFileReference; lastKnownFileType = text.plist.xml; path = "calculator-Info.plist"; sourceTree = "<group>"; };
		544060E51929A422003C8728 /* en */ = {isa = PBXFileReference; lastKnownFileType = text.plist.strings; name = en; path = en.lproj/InfoPlist.strings; sourceTree = "<group>"; };
		544060E71929A422003C8728 /* main.m */ = {isa = PBXFileReference; lastKnownFileType = sourcecode.c.objc; path = main.m; sourceTree = "<group>"; };
		544060E91929A422003C8728 /* calculator-Prefix.pch */ = {isa = PBXFileReference; lastKnownFileType = sourcecode.c.h; path = "calculator-Prefix.pch"; sourceTree = "<group>"; };
		544060EA1929A422003C8728 /* C_AppDelegate.h */ = {isa = PBXFileReference; lastKnownFileType = sourcecode.c.h; path = C_AppDelegate.h; sourceTree = "<group>"; };
		544060EB1929A422003C8728 /* C_AppDelegate.m */ = {isa = PBXFileReference; lastKnownFileType = sourcecode.c.objc; path = C_AppDelegate.m; sourceTree = "<group>"; };
		544060ED1929A422003C8728 /* Images.xcassets */ = {isa = PBXFileReference; lastKnownFileType = folder.assetcatalog; path = Images.xcassets; sourceTree = "<group>"; };
		544060F31929A422003C8728 /* calculatorTests.xctest */ = {isa = PBXFileReference; explicitFileType = wrapper.cfbundle; includeInIndex = 0; path = calculatorTests.xctest; sourceTree = BUILT_PRODUCTS_DIR; };
		544060F41929A422003C8728 /* XCTest.framework */ = {isa = PBXFileReference; lastKnownFileType = wrapper.framework; name = XCTest.framework; path = Library/Frameworks/XCTest.framework; sourceTree = DEVELOPER_DIR; };
		544060FC1929A422003C8728 /* calculatorTests-Info.plist */ = {isa = PBXFileReference; lastKnownFileType = text.plist.xml; path = "calculatorTests-Info.plist"; sourceTree = "<group>"; };
		544060FE1929A422003C8728 /* en */ = {isa = PBXFileReference; lastKnownFileType = text.plist.strings; name = en; path = en.lproj/InfoPlist.strings; sourceTree = "<group>"; };
		544061001929A422003C8728 /* calculatorTests.m */ = {isa = PBXFileReference; lastKnownFileType = sourcecode.c.objc; path = calculatorTests.m; sourceTree = "<group>"; };
/* End PBXFileReference section */

/* Begin PBXFrameworksBuildPhase section */
		544060D51929A422003C8728 /* Frameworks */ = {
			isa = PBXFrameworksBuildPhase;
			buildActionMask = 2147483647;
			files = (
				544060DE1929A422003C8728 /* CoreGraphics.framework in Frameworks */,
				544060E01929A422003C8728 /* UIKit.framework in Frameworks */,
				544060DC1929A422003C8728 /* Foundation.framework in Frameworks */,
			);
			runOnlyForDeploymentPostprocessing = 0;
		};
		544060F01929A422003C8728 /* Frameworks */ = {
			isa = PBXFrameworksBuildPhase;
			buildActionMask = 2147483647;
			files = (
				544060F51929A422003C8728 /* XCTest.framework in Frameworks */,
				544060F71929A422003C8728 /* UIKit.framework in Frameworks */,
				544060F61929A422003C8728 /* Foundation.framework in Frameworks */,
			);
			runOnlyForDeploymentPostprocessing = 0;
		};
/* End PBXFrameworksBuildPhase section */

/* Begin PBXGroup section */
		544060CF1929A422003C8728 = {
			isa = PBXGroup;
			children = (
				544060E11929A422003C8728 /* calculator */,
				544060FA1929A422003C8728 /* calculatorTests */,
				544060DA1929A422003C8728 /* Frameworks */,
				544060D91929A422003C8728 /* Products */,
			);
			sourceTree = "<group>";
		};
		544060D91929A422003C8728 /* Products */ = {
			isa = PBXGroup;
			children = (
				544060D81929A422003C8728 /* calculator.app */,
				544060F31929A422003C8728 /* calculatorTests.xctest */,
			);
			name = Products;
			sourceTree = "<group>";
		};
		544060DA1929A422003C8728 /* Frameworks */ = {
			isa = PBXGroup;
			children = (
				544060DB1929A422003C8728 /* Foundation.framework */,
				544060DD1929A422003C8728 /* CoreGraphics.framework */,
				544060DF1929A422003C8728 /* UIKit.framework */,
				544060F41929A422003C8728 /* XCTest.framework */,
			);
			name = Frameworks;
			sourceTree = "<group>";
		};
		544060E11929A422003C8728 /* calculator */ = {
			isa = PBXGroup;
			children = (
				544060EA1929A422003C8728 /* C_AppDelegate.h */,
				544060EB1929A422003C8728 /* C_AppDelegate.m */,
				544060ED1929A422003C8728 /* Images.xcassets */,
				544060E21929A422003C8728 /* Supporting Files */,
			);
			path = calculator;
			sourceTree = "<group>";
		};
		544060E21929A422003C8728 /* Supporting Files */ = {
			isa = PBXGroup;
			children = (
				544060E31929A422003C8728 /* calculator-Info.plist */,
				544060E41929A422003C8728 /* InfoPlist.strings */,
				544060E71929A422003C8728 /* main.m */,
				544060E91929A422003C8728 /* calculator-Prefix.pch */,
			);
			name = "Supporting Files";
			sourceTree = "<group>";
		};
		544060FA1929A422003C8728 /* calculatorTests */ = {
			isa = PBXGroup;
			children = (
				544061001929A422003C8728 /* calculatorTests.m */,
				544060FB1929A422003C8728 /* Supporting Files */,
			);
			path = calculatorTests;
			sourceTree = "<group>";
		};
		544060FB1929A422003C8728 /* Supporting Files */ = {
			isa = PBXGroup;
			children = (
				544060FC1929A422003C8728 /* calculatorTests-Info.plist */,
				544060FD1929A422003C8728 /* InfoPlist.strings */,
			);
			name = "Supporting Files";
			sourceTree = "<group>";
		};
/* End PBXGroup section */

/* Begin PBXNativeTarget section */
		544060D71929A422003C8728 /* calculator */ = {
			isa = PBXNativeTarget;
			buildConfigurationList = 544061041929A422003C8728 /* Build configuration list for PBXNativeTarget "calculator" */;
			buildPhases = (
				544060D41929A422003C8728 /* Sources */,
				544060D51929A422003C8728 /* Frameworks */,
				544060D61929A422003C8728 /* Resources */,
			);
			buildRules = (
			);
			dependencies = (
			);
			name = calculator;
			productName = calculator;
			productReference = 544060D81929A422003C8728 /* calculator.app */;
			productType = "com.apple.product-type.application";
		};
		544060F21929A422003C8728 /* calculatorTests */ = {
			isa = PBXNativeTarget;
			buildConfigurationList = 544061071929A422003C8728 /* Build configuration list for PBXNativeTarget "calculatorTests" */;
			buildPhases = (
				544060EF1929A422003C8728 /* Sources */,
				544060F01929A422003C8728 /* Frameworks */,
				544060F11929A422003C8728 /* Resources */,
			);
			buildRules = (
			);
			dependencies = (
				544060F91929A422003C8728 /* PBXTargetDependency */,
			);
			name = calculatorTests;
			productName = calculatorTests;
			productReference = 544060F31929A422003C8728 /* calculatorTests.xctest */;
			productType = "com.apple.product-type.bundle.unit-test";
		};
/* End PBXNativeTarget section */

/* Begin PBXProject section */
		544060D01929A422003C8728 /* Project object */ = {
			isa = PBXProject;
			attributes = {
				CLASSPREFIX = C_;
				LastUpgradeCheck = 0510;
				ORGANIZATIONNAME = thumbsoft;
				TargetAttributes = {
					544060F21929A422003C8728 = {
						TestTargetID = 544060D71929A422003C8728;
					};
				};
			};
			buildConfigurationList = 544060D31929A422003C8728 /* Build configuration list for PBXProject "calculator" */;
			compatibilityVersion = "Xcode 3.2";
			developmentRegion = English;
			hasScannedForEncodings = 0;
			knownRegions = (
				en,
			);
			mainGroup = 544060CF1929A422003C8728;
			productRefGroup = 544060D91929A422003C8728 /* Products */;
			projectDirPath = "";
			projectRoot = "";
			targets = (
				544060D71929A422003C8728 /* calculator */,
				544060F21929A422003C8728 /* calculatorTests */,
			);
		};
/* End PBXProject section */

/* Begin PBXResourcesBuildPhase section */
		544060D61929A422003C8728 /* Resources */ = {
			isa = PBXResourcesBuildPhase;
			buildActionMask = 2147483647;
			files = (
				544060E61929A422003C8728 /* InfoPlist.strings in Resources */,
				544060EE1929A422003C8728 /* Images.xcassets in Resources */,
			);
			runOnlyForDeploymentPostprocessing = 0;
		};
		544060F11929A422003C8728 /* Resources */ = {
			isa = PBXResourcesBuildPhase;
			buildActionMask = 2147483647;
			files = (
				544060FF1929A422003C8728 /* InfoPlist.strings in Resources */,
			);
			runOnlyForDeploymentPostprocessing = 0;
		};
/* End PBXResourcesBuildPhase section */

/* Begin PBXSourcesBuildPhase section */
		544060D41929A422003C8728 /* Sources */ = {
			isa = PBXSourcesBuildPhase;
			buildActionMask = 2147483647;
			files = (
				544060EC1929A422003C8728 /* C_AppDelegate.m in Sources */,
				544060E81929A422003C8728 /* main.m in Sources */,
			);
			runOnlyForDeploymentPostprocessing = 0;
		};
		544060EF1929A422003C8728 /* Sources */ = {
			isa = PBXSourcesBuildPhase;
			buildActionMask = 2147483647;
			files = (
				544061011929A422003C8728 /* calculatorTests.m in Sources */,
			);
			runOnlyForDeploymentPostprocessing = 0;
		};
/* End PBXSourcesBuildPhase section */

/* Begin PBXTargetDependency section */
		544060F91929A422003C8728 /* PBXTargetDependency */ = {
			isa = PBXTargetDependency;
			target = 544060D71929A422003C8728 /* calculator */;
			targetProxy = 544060F81929A422003C8728 /* PBXContainerItemProxy */;
		};
/* End PBXTargetDependency section */

/* Begin PBXVariantGroup section */
		544060E41929A422003C8728 /* InfoPlist.strings */ = {
			isa = PBXVariantGroup;
			children = (
				544060E51929A422003C8728 /* en */,
			);
			name = InfoPlist.strings;
			sourceTree = "<group>";
		};
		544060FD1929A422003C8728 /* InfoPlist.strings */ = {
			isa = PBXVariantGroup;
			children = (
				544060FE1929A422003C8728 /* en */,
			);
			name = InfoPlist.strings;
			sourceTree = "<group>";
		};
/* End PBXVariantGroup section */

/* Begin XCBuildConfiguration section */
		544061021929A422003C8728 /* Debug */ = {
			isa = XCBuildConfiguration;
			buildSettings = {
				ALWAYS_SEARCH_USER_PATHS = NO;
				CLANG_CXX_LANGUAGE_STANDARD = "gnu++0x";
				CLANG_CXX_LIBRARY = "libc++";
				CLANG_ENABLE_MODULES = YES;
				CLANG_ENABLE_OBJC_ARC = YES;
				CLANG_WARN_BOOL_CONVERSION = YES;
				CLANG_WARN_CONSTANT_CONVERSION = YES;
				CLANG_WARN_DIRECT_OBJC_ISA_USAGE = YES_ERROR;
				CLANG_WARN_EMPTY_BODY = YES;
				CLANG_WARN_ENUM_CONVERSION = YES;
				CLANG_WARN_INT_CONVERSION = YES;
				CLANG_WARN_OBJC_ROOT_CLASS = YES_ERROR;
				CLANG_WARN__DUPLICATE_METHOD_MATCH = YES;
				"CODE_SIGN_IDENTITY[sdk=iphoneos*]" = "iPhone Developer";
				COPY_PHASE_STRIP = NO;
				GCC_C_LANGUAGE_STANDARD = gnu99;
				GCC_DYNAMIC_NO_PIC = NO;
				GCC_OPTIMIZATION_LEVEL = 0;
				GCC_PREPROCESSOR_DEFINITIONS = (
					"DEBUG=1",
					"$(inherited)",
				);
				GCC_SYMBOLS_PRIVATE_EXTERN = NO;
				GCC_WARN_64_TO_32_BIT_CONVERSION = YES;
				GCC_WARN_ABOUT_RETURN_TYPE = YES_ERROR;
				GCC_WARN_UNDECLARED_SELECTOR = YES;
				GCC_WARN_UNINITIALIZED_AUTOS = YES_AGGRESSIVE;
				GCC_WARN_UNUSED_FUNCTION = YES;
				GCC_WARN_UNUSED_VARIABLE = YES;
				IPHONEOS_DEPLOYMENT_TARGET = 7.1;
				ONLY_ACTIVE_ARCH = YES;
				SDKROOT = iphoneos;
				TARGETED_DEVICE_FAMILY = "1,2";
			};
			name = Debug;
		};
		544061031929A422003C8728 /* Release */ = {
			isa = XCBuildConfiguration;
			buildSettings = {
				ALWAYS_SEARCH_USER_PATHS = NO;
				CLANG_CXX_LANGUAGE_STANDARD = "gnu++0x";
				CLANG_CXX_LIBRARY = "libc++";
				CLANG_ENABLE_MODULES = YES;
				CLANG_ENABLE_OBJC_ARC = YES;
				CLANG_WARN_BOOL_CONVERSION = YES;
				CLANG_WARN_CONSTANT_CONVERSION = YES;
				CLANG_WARN_DIRECT_OBJC_ISA_USAGE = YES_ERROR;
				CLANG_WARN_EMPTY_BODY = YES;
				CLANG_WARN_ENUM_CONVERSION = YES;
				CLANG_WARN_INT_CONVERSION = YES;
				CLANG_WARN_OBJC_ROOT_CLASS = YES_ERROR;
				CLANG_WARN__DUPLICATE_METHOD_MATCH = YES;
				"CODE_SIGN_IDENTITY[sdk=iphoneos*]" = "iPhone Developer";
				COPY_PHASE_STRIP = YES;
				ENABLE_NS_ASSERTIONS = NO;
				GCC_C_LANGUAGE_STANDARD = gnu99;
				GCC_WARN_64_TO_32_BIT_CONVERSION = YES;
				GCC_WARN_ABOUT_RETURN_TYPE = YES_ERROR;
				GCC_WARN_UNDECLARED_SELECTOR = YES;
				GCC_WARN_UNINITIALIZED_AUTOS = YES_AGGRESSIVE;
				GCC_WARN_UNUSED_FUNCTION = YES;
				GCC_WARN_UNUSED_VARIABLE = YES;
				IPHONEOS_DEPLOYMENT_TARGET = 7.1;
				SDKROOT = iphoneos;
				TARGETED_DEVICE_FAMILY = "1,2";
				VALIDATE_PRODUCT = YES;
			};
			name = Release;
		};
		544061051929A422003C8728 /* Debug */ = {
			isa = XCBuildConfiguration;
			buildSettings = {
				ASSETCATALOG_COMPILER_APPICON_NAME = AppIcon;
				ASSETCATALOG_COMPILER_LAUNCHIMAGE_NAME = LaunchImage;
				GCC_PRECOMPILE_PREFIX_HEADER = YES;
				GCC_PREFIX_HEADER = "calculator/calculator-Prefix.pch";
				INFOPLIST_FILE = "calculator/calculator-Info.plist";
				PRODUCT_NAME = "$(TARGET_NAME)";
				WRAPPER_EXTENSION = app;
			};
			name = Debug;
		};
		544061061929A422003C8728 /* Release */ = {
			isa = XCBuildConfiguration;
			buildSettings = {
				ASSETCATALOG_COMPILER_APPICON_NAME = AppIcon;
				ASSETCATALOG_COMPILER_LAUNCHIMAGE_NAME = LaunchImage;
				GCC_PRECOMPILE_PREFIX_HEADER = YES;
				GCC_PREFIX_HEADER = "calculator/calculator-Prefix.pch";
				INFOPLIST_FILE = "calculator/calculator-Info.plist";
				PRODUCT_NAME = "$(TARGET_NAME)";
				WRAPPER_EXTENSION = app;
			};
			name = Release;
		};
		544061081929A422003C8728 /* Debug */ = {
			isa = XCBuildConfiguration;
			buildSettings = {
				BUNDLE_LOADER = "$(BUILT_PRODUCTS_DIR)/calculator.app/calculator";
				FRAMEWORK_SEARCH_PATHS = (
					"$(SDKROOT)/Developer/Library/Frameworks",
					"$(inherited)",
					"$(DEVELOPER_FRAMEWORKS_DIR)",
				);
				GCC_PRECOMPILE_PREFIX_HEADER = YES;
				GCC_PREFIX_HEADER = "calculator/calculator-Prefix.pch";
				GCC_PREPROCESSOR_DEFINITIONS = (
					"DEBUG=1",
					"$(inherited)",
				);
				INFOPLIST_FILE = "calculatorTests/calculatorTests-Info.plist";
				PRODUCT_NAME = "$(TARGET_NAME)";
				TEST_HOST = "$(BUNDLE_LOADER)";
				WRAPPER_EXTENSION = xctest;
			};
			name = Debug;
		};
		544061091929A422003C8728 /* Release */ = {
			isa = XCBuildConfiguration;
			buildSettings = {
				BUNDLE_LOADER = "$(BUILT_PRODUCTS_DIR)/calculator.app/calculator";
				FRAMEWORK_SEARCH_PATHS = (
					"$(SDKROOT)/Developer/Library/Frameworks",
					"$(inherited)",
					"$(DEVELOPER_FRAMEWORKS_DIR)",
				);
				GCC_PRECOMPILE_PREFIX_HEADER = YES;
				GCC_PREFIX_HEADER = "calculator/calculator-Prefix.pch";
				INFOPLIST_FILE = "calculatorTests/calculatorTests-Info.plist";
				PRODUCT_NAME = "$(TARGET_NAME)";
				TEST_HOST = "$(BUNDLE_LOADER)";
				WRAPPER_EXTENSION = xctest;
			};
			name = Release;
		};
/* End XCBuildConfiguration section */

/* Begin XCConfigurationList section */
		544060D31929A422003C8728 /* Build configuration list for PBXProject "calculator" */ = {
			isa = XCConfigurationList;
			buildConfigurations = (
				544061021929A422003C8728 /* Debug */,
				544061031929A422003C8728 /* Release */,
			);
			defaultConfigurationIsVisible = 0;
			defaultConfigurationName = Release;
		};
		544061041929A422003C8728 /* Build configuration list for PBXNativeTarget "calculator" */ = {
			isa = XCConfigurationList;
			buildConfigurations = (
				544061051929A422003C8728 /* Debug */,
				544061061929A422003C8728 /* Release */,
			);
			defaultConfigurationIsVisible = 0;
		};
		544061071929A422003C8728 /* Build configuration list for PBXNativeTarget "calculatorTests" */ = {
			isa = XCConfigurationList;
			buildConfigurations = (
				544061081929A422003C8728 /* Debug */,
				544061091929A422003C8728 /* Release */,
			);
			defaultConfigurationIsVisible = 0;
		};
/* End XCConfigurationList section */
	};
	rootObject = 544060D01929A422003C8728 /* Project object */;
}
